// !$*UTF8*$!
{
	archiveVersion = 1;
	classes = {
	};
	objectVersion = 77;
	objects = {

/* Begin PBXContainerItemProxy section */
		724705D82D3B0CAD00C28BA1 /* PBXContainerItemProxy */ = {
			isa = PBXContainerItemProxy;
			containerPortal = 724705BF2D3B0CAB00C28BA1 /* Project object */;
			proxyType = 1;
			remoteGlobalIDString = 724705C62D3B0CAB00C28BA1;
			remoteInfo = FitnessAI;
		};
		724705E22D3B0CAD00C28BA1 /* PBXContainerItemProxy */ = {
			isa = PBXContainerItemProxy;
			containerPortal = 724705BF2D3B0CAB00C28BA1 /* Project object */;
			proxyType = 1;
			remoteGlobalIDString = 724705C62D3B0CAB00C28BA1;
			remoteInfo = FitnessAI;
		};
/* End PBXContainerItemProxy section */

/* Begin PBXFileReference section */
		724705C72D3B0CAB00C28BA1 /* FitnessAI.app */ = {isa = PBXFileReference; explicitFileType = wrapper.application; includeInIndex = 0; path = FitnessAI.app; sourceTree = BUILT_PRODUCTS_DIR; };
		724705D72D3B0CAD00C28BA1 /* FitnessAITests.xctest */ = {isa = PBXFileReference; explicitFileType = wrapper.cfbundle; includeInIndex = 0; path = FitnessAITests.xctest; sourceTree = BUILT_PRODUCTS_DIR; };
		724705E12D3B0CAD00C28BA1 /* FitnessAIUITests.xctest */ = {isa = PBXFileReference; explicitFileType = wrapper.cfbundle; includeInIndex = 0; path = FitnessAIUITests.xctest; sourceTree = BUILT_PRODUCTS_DIR; };
/* End PBXFileReference section */

/* Begin PBXFileSystemSynchronizedRootGroup section */
		724705C92D3B0CAB00C28BA1 /* FitnessAI */ = {
			isa = PBXFileSystemSynchronizedRootGroup;
			path = FitnessAI;
			sourceTree = "<group>";
		};
		724705DA2D3B0CAD00C28BA1 /* FitnessAITests */ = {
			isa = PBXFileSystemSynchronizedRootGroup;
			path = FitnessAITests;
			sourceTree = "<group>";
		};
		724705E42D3B0CAD00C28BA1 /* FitnessAIUITests */ = {
			isa = PBXFileSystemSynchronizedRootGroup;
			path = FitnessAIUITests;
			sourceTree = "<group>";
		};
/* End PBXFileSystemSynchronizedRootGroup section */

/* Begin PBXFrameworksBuildPhase section */
		724705C42D3B0CAB00C28BA1 /* Frameworks */ = {
			isa = PBXFrameworksBuildPhase;
			buildActionMask = 2147483647;
			files = (
			);
			runOnlyForDeploymentPostprocessing = 0;
		};
		724705D42D3B0CAD00C28BA1 /* Frameworks */ = {
			isa = PBXFrameworksBuildPhase;
			buildActionMask = 2147483647;
			files = (
			);
			runOnlyForDeploymentPostprocessing = 0;
		};
		724705DE2D3B0CAD00C28BA1 /* Frameworks */ = {
			isa = PBXFrameworksBuildPhase;
			buildActionMask = 2147483647;
			files = (
			);
			runOnlyForDeploymentPostprocessing = 0;
		};
/* End PBXFrameworksBuildPhase section */

/* Begin PBXGroup section */
		724705BE2D3B0CAB00C28BA1 = {
			isa = PBXGroup;
			children = (
				724705C92D3B0CAB00C28BA1 /* FitnessAI */,
				724705DA2D3B0CAD00C28BA1 /* FitnessAITests */,
				724705E42D3B0CAD00C28BA1 /* FitnessAIUITests */,
				724705C82D3B0CAB00C28BA1 /* Products */,
			);
			sourceTree = "<group>";
		};
		724705C82D3B0CAB00C28BA1 /* Products */ = {
			isa = PBXGroup;
			children = (
				724705C72D3B0CAB00C28BA1 /* FitnessAI.app */,
				724705D72D3B0CAD00C28BA1 /* FitnessAITests.xctest */,
				724705E12D3B0CAD00C28BA1 /* FitnessAIUITests.xctest */,
			);
			name = Products;
			sourceTree = "<group>";
		};
/* End PBXGroup section */

/* Begin PBXNativeTarget section */
		724705C62D3B0CAB00C28BA1 /* FitnessAI */ = {
			isa = PBXNativeTarget;
			buildConfigurationList = 724705EB2D3B0CAD00C28BA1 /* Build configuration list for PBXNativeTarget "FitnessAI" */;
			buildPhases = (
				724705C32D3B0CAB00C28BA1 /* Sources */,
				724705C42D3B0CAB00C28BA1 /* Frameworks */,
				724705C52D3B0CAB00C28BA1 /* Resources */,
			);
			buildRules = (
			);
			dependencies = (
			);
			fileSystemSynchronizedGroups = (
				724705C92D3B0CAB00C28BA1 /* FitnessAI */,
			);
			name = FitnessAI;
			packageProductDependencies = (
			);
			productName = FitnessAI;
			productReference = 724705C72D3B0CAB00C28BA1 /* FitnessAI.app */;
			productType = "com.apple.product-type.application";
		};
		724705D62D3B0CAD00C28BA1 /* FitnessAITests */ = {
			isa = PBXNativeTarget;
			buildConfigurationList = 724705EE2D3B0CAD00C28BA1 /* Build configuration list for PBXNativeTarget "FitnessAITests" */;
			buildPhases = (
				724705D32D3B0CAD00C28BA1 /* Sources */,
				724705D42D3B0CAD00C28BA1 /* Frameworks */,
				724705D52D3B0CAD00C28BA1 /* Resources */,
			);
			buildRules = (
			);
			dependencies = (
				724705D92D3B0CAD00C28BA1 /* PBXTargetDependency */,
			);
			fileSystemSynchronizedGroups = (
				724705DA2D3B0CAD00C28BA1 /* FitnessAITests */,
			);
			name = FitnessAITests;
			packageProductDependencies = (
			);
			productName = FitnessAITests;
			productReference = 724705D72D3B0CAD00C28BA1 /* FitnessAITests.xctest */;
			productType = "com.apple.product-type.bundle.unit-test";
		};
		724705E02D3B0CAD00C28BA1 /* FitnessAIUITests */ = {
			isa = PBXNativeTarget;
			buildConfigurationList = 724705F12D3B0CAD00C28BA1 /* Build configuration list for PBXNativeTarget "FitnessAIUITests" */;
			buildPhases = (
				724705DD2D3B0CAD00C28BA1 /* Sources */,
				724705DE2D3B0CAD00C28BA1 /* Frameworks */,
				724705DF2D3B0CAD00C28BA1 /* Resources */,
			);
			buildRules = (
			);
			dependencies = (
				724705E32D3B0CAD00C28BA1 /* PBXTargetDependency */,
			);
			fileSystemSynchronizedGroups = (
				724705E42D3B0CAD00C28BA1 /* FitnessAIUITests */,
			);
			name = FitnessAIUITests;
			packageProductDependencies = (
			);
			productName = FitnessAIUITests;
			productReference = 724705E12D3B0CAD00C28BA1 /* FitnessAIUITests.xctest */;
			productType = "com.apple.product-type.bundle.ui-testing";
		};
/* End PBXNativeTarget section */

/* Begin PBXProject section */
		724705BF2D3B0CAB00C28BA1 /* Project object */ = {
			isa = PBXProject;
			attributes = {
				BuildIndependentTargetsInParallel = 1;
				LastSwiftUpdateCheck = 1620;
				LastUpgradeCheck = 1620;
				TargetAttributes = {
					724705C62D3B0CAB00C28BA1 = {
						CreatedOnToolsVersion = 16.2;
					};
					724705D62D3B0CAD00C28BA1 = {
						CreatedOnToolsVersion = 16.2;
						TestTargetID = 724705C62D3B0CAB00C28BA1;
					};
					724705E02D3B0CAD00C28BA1 = {
						CreatedOnToolsVersion = 16.2;
						TestTargetID = 724705C62D3B0CAB00C28BA1;
					};
				};
			};
			buildConfigurationList = 724705C22D3B0CAB00C28BA1 /* Build configuration list for PBXProject "FitnessAI" */;
			developmentRegion = en;
			hasScannedForEncodings = 0;
			knownRegions = (
				en,
				Base,
			);
			mainGroup = 724705BE2D3B0CAB00C28BA1;
			minimizedProjectReferenceProxies = 1;
			preferredProjectObjectVersion = 77;
			productRefGroup = 724705C82D3B0CAB00C28BA1 /* Products */;
			projectDirPath = "";
			projectRoot = "";
			targets = (
				724705C62D3B0CAB00C28BA1 /* FitnessAI */,
				724705D62D3B0CAD00C28BA1 /* FitnessAITests */,
				724705E02D3B0CAD00C28BA1 /* FitnessAIUITests */,
			);
		};
/* End PBXProject section */

/* Begin PBXResourcesBuildPhase section */
		724705C52D3B0CAB00C28BA1 /* Resources */ = {
			isa = PBXResourcesBuildPhase;
			buildActionMask = 2147483647;
			files = (
			);
			runOnlyForDeploymentPostprocessing = 0;
		};
		724705D52D3B0CAD00C28BA1 /* Resources */ = {
			isa = PBXResourcesBuildPhase;
			buildActionMask = 2147483647;
			files = (
			);
			runOnlyForDeploymentPostprocessing = 0;
		};
		724705DF2D3B0CAD00C28BA1 /* Resources */ = {
			isa = PBXResourcesBuildPhase;
			buildActionMask = 2147483647;
			files = (
			);
			runOnlyForDeploymentPostprocessing = 0;
		};
/* End PBXResourcesBuildPhase section */

/* Begin PBXSourcesBuildPhase section */
		724705C32D3B0CAB00C28BA1 /* Sources */ = {
			isa = PBXSourcesBuildPhase;
			buildActionMask = 2147483647;
			files = (
			);
			runOnlyForDeploymentPostprocessing = 0;
		};
		724705D32D3B0CAD00C28BA1 /* Sources */ = {
			isa = PBXSourcesBuildPhase;
			buildActionMask = 2147483647;
			files = (
			);
			runOnlyForDeploymentPostprocessing = 0;
		};
		724705DD2D3B0CAD00C28BA1 /* Sources */ = {
			isa = PBXSourcesBuildPhase;
			buildActionMask = 2147483647;
			files = (
			);
			runOnlyForDeploymentPostprocessing = 0;
		};
/* End PBXSourcesBuildPhase section */

/* Begin PBXTargetDependency section */
		724705D92D3B0CAD00C28BA1 /* PBXTargetDependency */ = {
			isa = PBXTargetDependency;
			target = 724705C62D3B0CAB00C28BA1 /* FitnessAI */;
			targetProxy = 724705D82D3B0CAD00C28BA1 /* PBXContainerItemProxy */;
		};
		724705E32D3B0CAD00C28BA1 /* PBXTargetDependency */ = {
			isa = PBXTargetDependency;
			target = 724705C62D3B0CAB00C28BA1 /* FitnessAI */;
			targetProxy = 724705E22D3B0CAD00C28BA1 /* PBXContainerItemProxy */;
		};
/* End PBXTargetDependency section */

/* Begin XCBuildConfiguration section */
		724705E92D3B0CAD00C28BA1 /* Debug */ = {
			isa = XCBuildConfiguration;
			buildSettings = {
				ALWAYS_SEARCH_USER_PATHS = NO;
				ASSETCATALOG_COMPILER_GENERATE_SWIFT_ASSET_SYMBOL_EXTENSIONS = YES;
				CLANG_ANALYZER_NONNULL = YES;
				CLANG_ANALYZER_NUMBER_OBJECT_CONVERSION = YES_AGGRESSIVE;
				CLANG_CXX_LANGUAGE_STANDARD = "gnu++20";
				CLANG_ENABLE_MODULES = YES;
				CLANG_ENABLE_OBJC_ARC = YES;
				CLANG_ENABLE_OBJC_WEAK = YES;
				CLANG_WARN_BLOCK_CAPTURE_AUTORELEASING = YES;
				CLANG_WARN_BOOL_CONVERSION = YES;
				CLANG_WARN_COMMA = YES;
				CLANG_WARN_CONSTANT_CONVERSION = YES;
				CLANG_WARN_DEPRECATED_OBJC_IMPLEMENTATIONS = YES;
				CLANG_WARN_DIRECT_OBJC_ISA_USAGE = YES_ERROR;
				CLANG_WARN_DOCUMENTATION_COMMENTS = YES;
				CLANG_WARN_EMPTY_BODY = YES;
				CLANG_WARN_ENUM_CONVERSION = YES;
				CLANG_WARN_INFINITE_RECURSION = YES;
				CLANG_WARN_INT_CONVERSION = YES;
				CLANG_WARN_NON_LITERAL_NULL_CONVERSION = YES;
				CLANG_WARN_OBJC_IMPLICIT_RETAIN_SELF = YES;
				CLANG_WARN_OBJC_LITERAL_CONVERSION = YES;
				CLANG_WARN_OBJC_ROOT_CLASS = YES_ERROR;
				CLANG_WARN_QUOTED_INCLUDE_IN_FRAMEWORK_HEADER = YES;
				CLANG_WARN_RANGE_LOOP_ANALYSIS = YES;
				CLANG_WARN_STRICT_PROTOTYPES = YES;
				CLANG_WARN_SUSPICIOUS_MOVE = YES;
				CLANG_WARN_UNGUARDED_AVAILABILITY = YES_AGGRESSIVE;
				CLANG_WARN_UNREACHABLE_CODE = YES;
				CLANG_WARN__DUPLICATE_METHOD_MATCH = YES;
				COPY_PHASE_STRIP = NO;
				DEBUG_INFORMATION_FORMAT = dwarf;
				ENABLE_STRICT_OBJC_MSGSEND = YES;
				ENABLE_TESTABILITY = YES;
				ENABLE_USER_SCRIPT_SANDBOXING = YES;
				GCC_C_LANGUAGE_STANDARD = gnu17;
				GCC_DYNAMIC_NO_PIC = NO;
				GCC_NO_COMMON_BLOCKS = YES;
				GCC_OPTIMIZATION_LEVEL = 0;
				GCC_PREPROCESSOR_DEFINITIONS = (
					"DEBUG=1",
					"$(inherited)",
				);
				GCC_WARN_64_TO_32_BIT_CONVERSION = YES;
				GCC_WARN_ABOUT_RETURN_TYPE = YES_ERROR;
				GCC_WARN_UNDECLARED_SELECTOR = YES;
				GCC_WARN_UNINITIALIZED_AUTOS = YES_AGGRESSIVE;
				GCC_WARN_UNUSED_FUNCTION = YES;
				GCC_WARN_UNUSED_VARIABLE = YES;
				IPHONEOS_DEPLOYMENT_TARGET = 18.2;
				LOCALIZATION_PREFERS_STRING_CATALOGS = YES;
				MTL_ENABLE_DEBUG_INFO = INCLUDE_SOURCE;
				MTL_FAST_MATH = YES;
				ONLY_ACTIVE_ARCH = YES;
				SDKROOT = iphoneos;
				SWIFT_ACTIVE_COMPILATION_CONDITIONS = "DEBUG $(inherited)";
				SWIFT_OPTIMIZATION_LEVEL = "-Onone";
			};
			name = Debug;
		};
		724705EA2D3B0CAD00C28BA1 /* Release */ = {
			isa = XCBuildConfiguration;
			buildSettings = {
				ALWAYS_SEARCH_USER_PATHS = NO;
				ASSETCATALOG_COMPILER_GENERATE_SWIFT_ASSET_SYMBOL_EXTENSIONS = YES;
				CLANG_ANALYZER_NONNULL = YES;
				CLANG_ANALYZER_NUMBER_OBJECT_CONVERSION = YES_AGGRESSIVE;
				CLANG_CXX_LANGUAGE_STANDARD = "gnu++20";
				CLANG_ENABLE_MODULES = YES;
				CLANG_ENABLE_OBJC_ARC = YES;
				CLANG_ENABLE_OBJC_WEAK = YES;
				CLANG_WARN_BLOCK_CAPTURE_AUTORELEASING = YES;
				CLANG_WARN_BOOL_CONVERSION = YES;
				CLANG_WARN_COMMA = YES;
				CLANG_WARN_CONSTANT_CONVERSION = YES;
				CLANG_WARN_DEPRECATED_OBJC_IMPLEMENTATIONS = YES;
				CLANG_WARN_DIRECT_OBJC_ISA_USAGE = YES_ERROR;
				CLANG_WARN_DOCUMENTATION_COMMENTS = YES;
				CLANG_WARN_EMPTY_BODY = YES;
				CLANG_WARN_ENUM_CONVERSION = YES;
				CLANG_WARN_INFINITE_RECURSION = YES;
				CLANG_WARN_INT_CONVERSION = YES;
				CLANG_WARN_NON_LITERAL_NULL_CONVERSION = YES;
				CLANG_WARN_OBJC_IMPLICIT_RETAIN_SELF = YES;
				CLANG_WARN_OBJC_LITERAL_CONVERSION = YES;
				CLANG_WARN_OBJC_ROOT_CLASS = YES_ERROR;
				CLANG_WARN_QUOTED_INCLUDE_IN_FRAMEWORK_HEADER = YES;
				CLANG_WARN_RANGE_LOOP_ANALYSIS = YES;
				CLANG_WARN_STRICT_PROTOTYPES = YES;
				CLANG_WARN_SUSPICIOUS_MOVE = YES;
				CLANG_WARN_UNGUARDED_AVAILABILITY = YES_AGGRESSIVE;
				CLANG_WARN_UNREACHABLE_CODE = YES;
				CLANG_WARN__DUPLICATE_METHOD_MATCH = YES;
				COPY_PHASE_STRIP = NO;
				DEBUG_INFORMATION_FORMAT = "dwarf-with-dsym";
				ENABLE_NS_ASSERTIONS = NO;
				ENABLE_STRICT_OBJC_MSGSEND = YES;
				ENABLE_USER_SCRIPT_SANDBOXING = YES;
				GCC_C_LANGUAGE_STANDARD = gnu17;
				GCC_NO_COMMON_BLOCKS = YES;
				GCC_WARN_64_TO_32_BIT_CONVERSION = YES;
				GCC_WARN_ABOUT_RETURN_TYPE = YES_ERROR;
				GCC_WARN_UNDECLARED_SELECTOR = YES;
				GCC_WARN_UNINITIALIZED_AUTOS = YES_AGGRESSIVE;
				GCC_WARN_UNUSED_FUNCTION = YES;
				GCC_WARN_UNUSED_VARIABLE = YES;
				IPHONEOS_DEPLOYMENT_TARGET = 18.2;
				LOCALIZATION_PREFERS_STRING_CATALOGS = YES;
				MTL_ENABLE_DEBUG_INFO = NO;
				MTL_FAST_MATH = YES;
				SDKROOT = iphoneos;
				SWIFT_COMPILATION_MODE = wholemodule;
				VALIDATE_PRODUCT = YES;
			};
			name = Release;
		};
		724705EC2D3B0CAD00C28BA1 /* Debug */ = {
			isa = XCBuildConfiguration;
			buildSettings = {
				ASSETCATALOG_COMPILER_APPICON_NAME = AppIcon;
				ASSETCATALOG_COMPILER_GLOBAL_ACCENT_COLOR_NAME = AccentColor;
				CODE_SIGN_STYLE = Automatic;
				CURRENT_PROJECT_VERSION = 1;
				DEVELOPMENT_ASSET_PATHS = "\"FitnessAI/Preview Content\"";
				DEVELOPMENT_TEAM = 2BG6LHG8PR;
				ENABLE_PREVIEWS = YES;
				GENERATE_INFOPLIST_FILE = YES;
				INFOPLIST_KEY_UIApplicationSceneManifest_Generation = YES;
				INFOPLIST_KEY_UIApplicationSupportsIndirectInputEvents = YES;
				INFOPLIST_KEY_UILaunchScreen_Generation = YES;
				INFOPLIST_KEY_UISupportedInterfaceOrientations_iPad = "UIInterfaceOrientationPortrait UIInterfaceOrientationPortraitUpsideDown UIInterfaceOrientationLandscapeLeft UIInterfaceOrientationLandscapeRight";
				INFOPLIST_KEY_UISupportedInterfaceOrientations_iPhone = "UIInterfaceOrientationPortrait UIInterfaceOrientationLandscapeLeft UIInterfaceOrientationLandscapeRight";
				LD_RUNPATH_SEARCH_PATHS = (
					"$(inherited)",
					"@executable_path/Frameworks",
				);
				MARKETING_VERSION = 1.0;
				PRODUCT_BUNDLE_IDENTIFIER = de.FitnessAI;
				PRODUCT_NAME = "$(TARGET_NAME)";
				SWIFT_EMIT_LOC_STRINGS = YES;
				SWIFT_VERSION = 5.0;
				TARGETED_DEVICE_FAMILY = "1,2";
			};
			name = Debug;
		};
		724705ED2D3B0CAD00C28BA1 /* Release */ = {
			isa = XCBuildConfiguration;
			buildSettings = {
				ASSETCATALOG_COMPILER_APPICON_NAME = AppIcon;
				ASSETCATALOG_COMPILER_GLOBAL_ACCENT_COLOR_NAME = AccentColor;
				CODE_SIGN_STYLE = Automatic;
				CURRENT_PROJECT_VERSION = 1;
				DEVELOPMENT_ASSET_PATHS = "\"FitnessAI/Preview Content\"";
				DEVELOPMENT_TEAM = 2BG6LHG8PR;
				ENABLE_PREVIEWS = YES;
				GENERATE_INFOPLIST_FILE = YES;
				INFOPLIST_KEY_UIApplicationSceneManifest_Generation = YES;
				INFOPLIST_KEY_UIApplicationSupportsIndirectInputEvents = YES;
				INFOPLIST_KEY_UILaunchScreen_Generation = YES;
				INFOPLIST_KEY_UISupportedInterfaceOrientations_iPad = "UIInterfaceOrientationPortrait UIInterfaceOrientationPortraitUpsideDown UIInterfaceOrientationLandscapeLeft UIInterfaceOrientationLandscapeRight";
				INFOPLIST_KEY_UISupportedInterfaceOrientations_iPhone = "UIInterfaceOrientationPortrait UIInterfaceOrientationLandscapeLeft UIInterfaceOrientationLandscapeRight";
				LD_RUNPATH_SEARCH_PATHS = (
					"$(inherited)",
					"@executable_path/Frameworks",
				);
				MARKETING_VERSION = 1.0;
				PRODUCT_BUNDLE_IDENTIFIER = de.FitnessAI;
				PRODUCT_NAME = "$(TARGET_NAME)";
				SWIFT_EMIT_LOC_STRINGS = YES;
				SWIFT_VERSION = 5.0;
				TARGETED_DEVICE_FAMILY = "1,2";
			};
			name = Release;
		};
		724705EF2D3B0CAD00C28BA1 /* Debug */ = {
			isa = XCBuildConfiguration;
			buildSettings = {
				BUNDLE_LOADER = "$(TEST_HOST)";
				CODE_SIGN_STYLE = Automatic;
				CURRENT_PROJECT_VERSION = 1;
				DEVELOPMENT_TEAM = 2BG6LHG8PR;
				GENERATE_INFOPLIST_FILE = YES;
				IPHONEOS_DEPLOYMENT_TARGET = 18.2;
				MARKETING_VERSION = 1.0;
				PRODUCT_BUNDLE_IDENTIFIER = de.FitnessAITests;
				PRODUCT_NAME = "$(TARGET_NAME)";
				SWIFT_EMIT_LOC_STRINGS = NO;
				SWIFT_VERSION = 5.0;
				TARGETED_DEVICE_FAMILY = "1,2";
				TEST_HOST = "$(BUILT_PRODUCTS_DIR)/FitnessAI.app/$(BUNDLE_EXECUTABLE_FOLDER_PATH)/FitnessAI";
			};
			name = Debug;
		};
		724705F02D3B0CAD00C28BA1 /* Release */ = {
			isa = XCBuildConfiguration;
			buildSettings = {
				BUNDLE_LOADER = "$(TEST_HOST)";
				CODE_SIGN_STYLE = Automatic;
				CURRENT_PROJECT_VERSION = 1;
				DEVELOPMENT_TEAM = 2BG6LHG8PR;
				GENERATE_INFOPLIST_FILE = YES;
				IPHONEOS_DEPLOYMENT_TARGET = 18.2;
				MARKETING_VERSION = 1.0;
				PRODUCT_BUNDLE_IDENTIFIER = de.FitnessAITests;
				PRODUCT_NAME = "$(TARGET_NAME)";
				SWIFT_EMIT_LOC_STRINGS = NO;
				SWIFT_VERSION = 5.0;
				TARGETED_DEVICE_FAMILY = "1,2";
				TEST_HOST = "$(BUILT_PRODUCTS_DIR)/FitnessAI.app/$(BUNDLE_EXECUTABLE_FOLDER_PATH)/FitnessAI";
			};
			name = Release;
		};
		724705F22D3B0CAD00C28BA1 /* Debug */ = {
			isa = XCBuildConfiguration;
			buildSettings = {
				CODE_SIGN_STYLE = Automatic;
				CURRENT_PROJECT_VERSION = 1;
				DEVELOPMENT_TEAM = 2BG6LHG8PR;
				GENERATE_INFOPLIST_FILE = YES;
				MARKETING_VERSION = 1.0;
				PRODUCT_BUNDLE_IDENTIFIER = de.FitnessAIUITests;
				PRODUCT_NAME = "$(TARGET_NAME)";
				SWIFT_EMIT_LOC_STRINGS = NO;
				SWIFT_VERSION = 5.0;
				TARGETED_DEVICE_FAMILY = "1,2";
				TEST_TARGET_NAME = FitnessAI;
			};
			name = Debug;
		};
		724705F32D3B0CAD00C28BA1 /* Release */ = {
			isa = XCBuildConfiguration;
			buildSettings = {
				CODE_SIGN_STYLE = Automatic;
				CURRENT_PROJECT_VERSION = 1;
				DEVELOPMENT_TEAM = 2BG6LHG8PR;
				GENERATE_INFOPLIST_FILE = YES;
				MARKETING_VERSION = 1.0;
				PRODUCT_BUNDLE_IDENTIFIER = de.FitnessAIUITests;
				PRODUCT_NAME = "$(TARGET_NAME)";
				SWIFT_EMIT_LOC_STRINGS = NO;
				SWIFT_VERSION = 5.0;
				TARGETED_DEVICE_FAMILY = "1,2";
				TEST_TARGET_NAME = FitnessAI;
			};
			name = Release;
		};
/* End XCBuildConfiguration section */

/* Begin XCConfigurationList section */
		724705C22D3B0CAB00C28BA1 /* Build configuration list for PBXProject "FitnessAI" */ = {
			isa = XCConfigurationList;
			buildConfigurations = (
				724705E92D3B0CAD00C28BA1 /* Debug */,
				724705EA2D3B0CAD00C28BA1 /* Release */,
			);
			defaultConfigurationIsVisible = 0;
			defaultConfigurationName = Release;
		};
		724705EB2D3B0CAD00C28BA1 /* Build configuration list for PBXNativeTarget "FitnessAI" */ = {
			isa = XCConfigurationList;
			buildConfigurations = (
				724705EC2D3B0CAD00C28BA1 /* Debug */,
				724705ED2D3B0CAD00C28BA1 /* Release */,
			);
			defaultConfigurationIsVisible = 0;
			defaultConfigurationName = Release;
		};
		724705EE2D3B0CAD00C28BA1 /* Build configuration list for PBXNativeTarget "FitnessAITests" */ = {
			isa = XCConfigurationList;
			buildConfigurations = (
				724705EF2D3B0CAD00C28BA1 /* Debug */,
				724705F02D3B0CAD00C28BA1 /* Release */,
			);
			defaultConfigurationIsVisible = 0;
			defaultConfigurationName = Release;
		};
		724705F12D3B0CAD00C28BA1 /* Build configuration list for PBXNativeTarget "FitnessAIUITests" */ = {
			isa = XCConfigurationList;
			buildConfigurations = (
				724705F22D3B0CAD00C28BA1 /* Debug */,
				724705F32D3B0CAD00C28BA1 /* Release */,
			);
			defaultConfigurationIsVisible = 0;
			defaultConfigurationName = Release;
		};
/* End XCConfigurationList section */
	};
	rootObject = 724705BF2D3B0CAB00C28BA1 /* Project object */;
}
